{
  "nodes": {
    "agenix": {
      "inputs": {
        "darwin": [],
        "home-manager": "home-manager",
        "nixpkgs": [
          "nixpkgs"
        ],
        "systems": "systems"
      },
      "locked": {
        "lastModified": 1747575206,
        "narHash": "sha256-NwmAFuDUO/PFcgaGGr4j3ozG9Pe5hZ/ogitWhY+D81k=",
        "owner": "ryantm",
        "repo": "agenix",
        "rev": "4835b1dc898959d8547a871ef484930675cb47f1",
        "type": "github"
      },
      "original": {
        "owner": "ryantm",
        "repo": "agenix",
        "type": "github"
      }
    },
    "base16": {
      "inputs": {
        "fromYaml": "fromYaml"
      },
      "locked": {
        "lastModified": 1746562888,
        "narHash": "sha256-YgNJQyB5dQiwavdDFBMNKk1wyS77AtdgDk/VtU6wEaI=",
        "owner": "SenchoPens",
        "repo": "base16.nix",
        "rev": "806a1777a5db2a1ef9d5d6f493ef2381047f2b89",
        "type": "github"
      },
      "original": {
        "owner": "SenchoPens",
        "repo": "base16.nix",
        "type": "github"
      }
    },
    "base16-fish": {
      "flake": false,
      "locked": {
        "lastModified": 1622559957,
        "narHash": "sha256-PebymhVYbL8trDVVXxCvZgc0S5VxI7I1Hv4RMSquTpA=",
        "owner": "tomyun",
        "repo": "base16-fish",
        "rev": "2f6dd973a9075dabccd26f1cded09508180bf5fe",
        "type": "github"
      },
      "original": {
        "owner": "tomyun",
        "repo": "base16-fish",
        "type": "github"
      }
    },
    "base16-helix": {
      "flake": false,
      "locked": {
        "lastModified": 1748408240,
        "narHash": "sha256-9M2b1rMyMzJK0eusea0x3lyh3mu5nMeEDSc4RZkGm+g=",
        "owner": "tinted-theming",
        "repo": "base16-helix",
        "rev": "6c711ab1a9db6f51e2f6887cc3345530b33e152e",
        "type": "github"
      },
      "original": {
        "owner": "tinted-theming",
        "repo": "base16-helix",
        "type": "github"
      }
    },
    "base16-vim": {
      "flake": false,
      "locked": {
        "lastModified": 1732806396,
        "narHash": "sha256-e0bpPySdJf0F68Ndanwm+KWHgQiZ0s7liLhvJSWDNsA=",
        "owner": "tinted-theming",
        "repo": "base16-vim",
        "rev": "577fe8125d74ff456cf942c733a85d769afe58b7",
        "type": "github"
      },
      "original": {
        "owner": "tinted-theming",
        "repo": "base16-vim",
        "rev": "577fe8125d74ff456cf942c733a85d769afe58b7",
        "type": "github"
      }
    },
    "chaotic": {
      "inputs": {
        "fenix": "fenix",
        "flake-schemas": "flake-schemas",
        "home-manager": "home-manager_2",
        "jovian": "jovian",
        "nixpkgs": "nixpkgs"
      },
      "locked": {
        "lastModified": 1749757487,
        "narHash": "sha256-yPxNQ2wo4Iiv/QiacFcL4gPC/uansnY6FmPvW53fUhg=",
        "owner": "chaotic-cx",
        "repo": "nyx",
        "rev": "12314126ea2c78758055c1f413182fbea617801c",
        "type": "github"
      },
      "original": {
        "owner": "chaotic-cx",
        "ref": "nyxpkgs-unstable",
        "repo": "nyx",
        "type": "github"
      }
    },
    "cursors": {
      "inputs": {
        "nixpkgs": "nixpkgs_2"
      },
      "locked": {
        "lastModified": 1716041700,
        "narHash": "sha256-4jDR/KQmtsDw/nCvpy9VvWQgtc+4R4eyrb8eJSz+KCw=",
        "owner": "lilleaila",
        "repo": "nix-cursors",
        "rev": "d119b747e47a7a24660676f59c77272d664ec61e",
        "type": "github"
      },
      "original": {
        "owner": "lilleaila",
        "repo": "nix-cursors",
        "type": "github"
      }
    },
    "easy-hosts": {
      "locked": {
        "lastModified": 1747174689,
        "narHash": "sha256-WEA2HdjC90GLf5VpMLpvOF3/uSSq6AV4DQ4ezLFspc0=",
        "owner": "tgirlcloud",
        "repo": "easy-hosts",
        "rev": "e1210563fc527221e12544ce55cd954acf94e7ed",
        "type": "github"
      },
      "original": {
        "owner": "tgirlcloud",
        "repo": "easy-hosts",
        "type": "github"
      }
    },
    "fenix": {
      "inputs": {
        "nixpkgs": [
          "chaotic",
          "nixpkgs"
        ],
        "rust-analyzer-src": "rust-analyzer-src"
      },
      "locked": {
        "lastModified": 1749623906,
        "narHash": "sha256-QD7e5WNVj4aWS5mlJZZnLJ6Lg0h5RSyyEFo2I6xBUEQ=",
        "owner": "nix-community",
        "repo": "fenix",
        "rev": "873cccc628f5e39407e319e6711f3b7d6d1f15cc",
        "type": "github"
      },
      "original": {
        "owner": "nix-community",
        "repo": "fenix",
        "type": "github"
      }
    },
    "firefox-gnome-theme": {
      "flake": false,
      "locked": {
        "lastModified": 1748383148,
        "narHash": "sha256-pGvD/RGuuPf/4oogsfeRaeMm6ipUIznI2QSILKjKzeA=",
        "owner": "rafaelmardojai",
        "repo": "firefox-gnome-theme",
        "rev": "4eb2714fbed2b80e234312611a947d6cb7d70caf",
        "type": "github"
      },
      "original": {
        "owner": "rafaelmardojai",
        "repo": "firefox-gnome-theme",
        "type": "github"
      }
    },
    "flake-compat": {
      "locked": {
        "lastModified": 1747046372,
        "narHash": "sha256-CIVLLkVgvHYbgI2UpXvIIBJ12HWgX+fjA8Xf8PUmqCY=",
        "owner": "edolstra",
        "repo": "flake-compat",
        "rev": "9100a0f413b0c601e0533d1d94ffd501ce2e7885",
        "type": "github"
      },
      "original": {
        "owner": "edolstra",
        "repo": "flake-compat",
        "type": "github"
      }
    },
    "flake-parts": {
      "inputs": {
        "nixpkgs-lib": [
          "nixpkgs"
        ]
      },
      "locked": {
        "lastModified": 1749398372,
        "narHash": "sha256-tYBdgS56eXYaWVW3fsnPQ/nFlgWi/Z2Ymhyu21zVM98=",
        "owner": "hercules-ci",
        "repo": "flake-parts",
        "rev": "9305fe4e5c2a6fcf5ba6a3ff155720fbe4076569",
        "type": "github"
      },
      "original": {
        "owner": "hercules-ci",
        "repo": "flake-parts",
        "type": "github"
      }
    },
    "flake-parts_2": {
      "inputs": {
        "nixpkgs-lib": [
          "nur",
          "nixpkgs"
        ]
      },
      "locked": {
        "lastModified": 1733312601,
        "narHash": "sha256-4pDvzqnegAfRkPwO3wmwBhVi/Sye1mzps0zHWYnP88c=",
        "owner": "hercules-ci",
        "repo": "flake-parts",
        "rev": "205b12d8b7cd4802fbcb8e8ef6a0f1408781a4f9",
        "type": "github"
      },
      "original": {
        "owner": "hercules-ci",
        "repo": "flake-parts",
        "type": "github"
      }
    },
    "flake-parts_3": {
      "inputs": {
        "nixpkgs-lib": [
          "stylix",
          "nixpkgs"
        ]
      },
      "locked": {
        "lastModified": 1743550720,
        "narHash": "sha256-hIshGgKZCgWh6AYJpJmRgFdR3WUbkY04o82X05xqQiY=",
        "owner": "hercules-ci",
        "repo": "flake-parts",
        "rev": "c621e8422220273271f52058f618c94e405bb0f5",
        "type": "github"
      },
      "original": {
        "owner": "hercules-ci",
        "repo": "flake-parts",
        "type": "github"
      }
    },
    "flake-schemas": {
      "locked": {
        "lastModified": 1721999734,
        "narHash": "sha256-G5CxYeJVm4lcEtaO87LKzOsVnWeTcHGKbKxNamNWgOw=",
        "rev": "0a5c42297d870156d9c57d8f99e476b738dcd982",
        "revCount": 75,
        "type": "tarball",
        "url": "https://api.flakehub.com/f/pinned/DeterminateSystems/flake-schemas/0.1.5/0190ef2f-61e0-794b-ba14-e82f225e55e6/source.tar.gz"
      },
      "original": {
        "type": "tarball",
        "url": "https://flakehub.com/f/DeterminateSystems/flake-schemas/%3D0.1.5.tar.gz"
      }
    },
    "flatpak": {
      "locked": {
        "lastModified": 1749394952,
        "narHash": "sha256-WbWkzIvB0gqAdBLghdmUpGveY7MlAS2iMj3VEJnJ9yE=",
        "owner": "gmodena",
        "repo": "nix-flatpak",
        "rev": "64c6e53a3999957c19ab95cda78bde466d8374cc",
        "type": "github"
      },
      "original": {
        "owner": "gmodena",
        "repo": "nix-flatpak",
        "type": "github"
      }
    },
    "fromYaml": {
      "flake": false,
      "locked": {
        "lastModified": 1731966426,
        "narHash": "sha256-lq95WydhbUTWig/JpqiB7oViTcHFP8Lv41IGtayokA8=",
        "owner": "SenchoPens",
        "repo": "fromYaml",
        "rev": "106af9e2f715e2d828df706c386a685698f3223b",
        "type": "github"
      },
      "original": {
        "owner": "SenchoPens",
        "repo": "fromYaml",
        "type": "github"
      }
    },
    "git-hooks": {
      "inputs": {
        "flake-compat": [
          "stylix",
          "flake-compat"
        ],
        "gitignore": "gitignore",
        "nixpkgs": [
          "stylix",
          "nixpkgs"
        ]
      },
      "locked": {
        "lastModified": 1747372754,
        "narHash": "sha256-2Y53NGIX2vxfie1rOW0Qb86vjRZ7ngizoo+bnXU9D9k=",
        "owner": "cachix",
        "repo": "git-hooks.nix",
        "rev": "80479b6ec16fefd9c1db3ea13aeb038c60530f46",
        "type": "github"
      },
      "original": {
        "owner": "cachix",
        "repo": "git-hooks.nix",
        "type": "github"
      }
    },
    "gitignore": {
      "inputs": {
        "nixpkgs": [
          "stylix",
          "git-hooks",
          "nixpkgs"
        ]
      },
      "locked": {
        "lastModified": 1709087332,
        "narHash": "sha256-HG2cCnktfHsKV0s4XW83gU3F57gaTljL9KNSuG6bnQs=",
        "owner": "hercules-ci",
        "repo": "gitignore.nix",
        "rev": "637db329424fd7e46cf4185293b9cc8c88c95394",
        "type": "github"
      },
      "original": {
        "owner": "hercules-ci",
        "repo": "gitignore.nix",
        "type": "github"
      }
    },
    "gnome-shell": {
      "flake": false,
      "locked": {
        "lastModified": 1744584021,
        "narHash": "sha256-0RJ4mJzf+klKF4Fuoc8VN8dpQQtZnKksFmR2jhWE1Ew=",
        "owner": "GNOME",
        "repo": "gnome-shell",
        "rev": "52c517c8f6c199a1d6f5118fae500ef69ea845ae",
        "type": "github"
      },
      "original": {
        "owner": "GNOME",
        "ref": "48.1",
        "repo": "gnome-shell",
        "type": "github"
      }
    },
    "home-manager": {
      "inputs": {
        "nixpkgs": [
          "agenix",
          "nixpkgs"
        ]
      },
      "locked": {
        "lastModified": 1745494811,
        "narHash": "sha256-YZCh2o9Ua1n9uCvrvi5pRxtuVNml8X2a03qIFfRKpFs=",
        "owner": "nix-community",
        "repo": "home-manager",
        "rev": "abfad3d2958c9e6300a883bd443512c55dfeb1be",
        "type": "github"
      },
      "original": {
        "owner": "nix-community",
        "repo": "home-manager",
        "type": "github"
      }
    },
    "home-manager_2": {
      "inputs": {
        "nixpkgs": [
          "chaotic",
          "nixpkgs"
        ]
      },
      "locked": {
        "lastModified": 1749649116,
        "narHash": "sha256-pCuUfMkhlP+XqW+TXX5Tssk8IE4TpS3MbG7OQtvaQdM=",
        "owner": "nix-community",
        "repo": "home-manager",
        "rev": "02040b7777f65342b96c7f826a5c6aef95585057",
        "type": "github"
      },
      "original": {
        "owner": "nix-community",
        "repo": "home-manager",
        "type": "github"
      }
    },
    "home-manager_3": {
      "inputs": {
        "nixpkgs": [
          "nixpkgs"
        ]
      },
      "locked": {
        "lastModified": 1749802021,
        "narHash": "sha256-MRScdVUyowbRQFMSt5af10HMeaR+AFvWpqtuYM0TDGw=",
        "owner": "nix-community",
        "repo": "home-manager",
        "rev": "f1113939873a62f185c18a51f4e45ae66686822b",
        "type": "github"
      },
      "original": {
        "owner": "nix-community",
        "repo": "home-manager",
        "type": "github"
      }
    },
    "home-manager_4": {
      "inputs": {
        "nixpkgs": [
          "stylix",
          "nixpkgs"
        ]
      },
      "locked": {
        "lastModified": 1748737919,
        "narHash": "sha256-5kvBbLYdp+n7Ftanjcs6Nv+UO6sBhelp6MIGJ9nWmjQ=",
        "owner": "nix-community",
        "repo": "home-manager",
        "rev": "5675a9686851d9626560052a032c4e14e533c1fa",
        "type": "github"
      },
      "original": {
        "owner": "nix-community",
        "repo": "home-manager",
        "type": "github"
      }
    },
    "home-manager_5": {
      "inputs": {
        "nixpkgs": [
          "zen-browser",
          "nixpkgs"
        ]
      },
      "locked": {
        "lastModified": 1743604125,
        "narHash": "sha256-ZD61DNbsBt1mQbinAaaEqKaJk2RFo9R/j+eYWeGMx7A=",
        "owner": "nix-community",
        "repo": "home-manager",
        "rev": "180fd43eea296e62ae68e079fcf56aba268b9a1a",
        "type": "github"
      },
      "original": {
        "owner": "nix-community",
        "repo": "home-manager",
        "type": "github"
      }
    },
    "jovian": {
      "inputs": {
        "nix-github-actions": "nix-github-actions",
        "nixpkgs": [
          "chaotic",
          "nixpkgs"
        ]
      },
      "locked": {
        "lastModified": 1749627191,
        "narHash": "sha256-bUv8CDE6Uyxak4UkOvRjx5xj6+msEHSpYGeAjkuTnTs=",
        "owner": "Jovian-Experiments",
        "repo": "Jovian-NixOS",
        "rev": "f31df4cb6b2eeef6cf0113edb687297be72a69df",
        "type": "github"
      },
      "original": {
        "owner": "Jovian-Experiments",
        "repo": "Jovian-NixOS",
        "type": "github"
      }
    },
    "nix-github-actions": {
      "inputs": {
        "nixpkgs": [
          "chaotic",
          "jovian",
          "nixpkgs"
        ]
      },
      "locked": {
        "lastModified": 1729697500,
        "narHash": "sha256-VFTWrbzDlZyFHHb1AlKRiD/qqCJIripXKiCSFS8fAOY=",
        "owner": "zhaofengli",
        "repo": "nix-github-actions",
        "rev": "e418aeb728b6aa5ca8c5c71974e7159c2df1d8cf",
        "type": "github"
      },
      "original": {
        "owner": "zhaofengli",
        "ref": "matrix-name",
        "repo": "nix-github-actions",
        "type": "github"
      }
    },
    "nixpkgs": {
      "locked": {
        "lastModified": 1749285348,
        "narHash": "sha256-frdhQvPbmDYaScPFiCnfdh3B/Vh81Uuoo0w5TkWmmjU=",
        "owner": "NixOS",
        "repo": "nixpkgs",
        "rev": "3e3afe5174c561dee0df6f2c2b2236990146329f",
        "type": "github"
      },
      "original": {
        "owner": "NixOS",
        "ref": "nixos-unstable",
        "repo": "nixpkgs",
        "type": "github"
      }
    },
    "nixpkgs_2": {
      "locked": {
        "lastModified": 1713714899,
        "narHash": "sha256-+z/XjO3QJs5rLE5UOf015gdVauVRQd2vZtsFkaXBq2Y=",
        "owner": "nixos",
        "repo": "nixpkgs",
        "rev": "6143fc5eeb9c4f00163267708e26191d1e918932",
        "type": "github"
      },
      "original": {
        "owner": "nixos",
        "ref": "nixos-unstable",
        "repo": "nixpkgs",
        "type": "github"
      }
    },
    "nixpkgs_3": {
      "locked": {
        "lastModified": 315532800,
        "narHash": "sha256-WR8lJezNej4TyB6fd4NI3sHWNx+5LiW6g2s8Vw7P1FA=",
        "rev": "6e7721e37bf00fa7ea44ac3cfc9d2411284ec3ef",
        "type": "tarball",
        "url": "https://releases.nixos.org/nixpkgs/nixpkgs-25.11pre814228.6e7721e37bf0/nixexprs.tar.xz?rev=6e7721e37bf00fa7ea44ac3cfc9d2411284ec3ef"
      },
      "original": {
        "type": "tarball",
        "url": "https://channels.nixos.org/nixpkgs-unstable/nixexprs.tar.xz"
      }
    },
    "nur": {
      "inputs": {
        "flake-parts": "flake-parts_2",
        "nixpkgs": [
          "nixpkgs"
        ],
        "treefmt-nix": "treefmt-nix"
      },
      "locked": {
        "lastModified": 1749810541,
        "narHash": "sha256-MG+iowBlNHBO96SHYK0KZJTDS4Vjr5MV7mT2xuQ7lWM=",
        "owner": "nix-community",
        "repo": "NUR",
        "rev": "ecfeb0204d555a342d4f8214e166b4493755c64b",
        "type": "github"
      },
      "original": {
        "owner": "nix-community",
        "repo": "NUR",
        "type": "github"
      }
    },
    "nur_2": {
      "inputs": {
        "flake-parts": [
          "stylix",
          "flake-parts"
        ],
        "nixpkgs": [
          "stylix",
          "nixpkgs"
        ],
        "treefmt-nix": "treefmt-nix_2"
      },
      "locked": {
        "lastModified": 1748730660,
        "narHash": "sha256-5LKmRYKdPuhm8j5GFe3AfrJL8dd8o57BQ34AGjJl1R0=",
        "owner": "nix-community",
        "repo": "NUR",
        "rev": "2c0bc52fe14681e9ef60e3553888c4f086e46ecb",
        "type": "github"
      },
      "original": {
        "owner": "nix-community",
        "repo": "NUR",
        "type": "github"
      }
    },
    "root": {
      "inputs": {
        "agenix": "agenix",
        "chaotic": "chaotic",
        "cursors": "cursors",
        "easy-hosts": "easy-hosts",
        "flake-parts": "flake-parts",
        "flatpak": "flatpak",
        "home-manager": "home-manager_3",
        "jovian": [
          "chaotic",
          "jovian"
        ],
        "nixpkgs": "nixpkgs_3",
        "nur": "nur",
        "spicetify": "spicetify",
        "stylix": "stylix",
        "systems": "systems_4",
        "treefmt-nix": "treefmt-nix_3",
        "zen-browser": "zen-browser"
      }
    },
    "rust-analyzer-src": {
      "flake": false,
      "locked": {
        "lastModified": 1749558764,
        "narHash": "sha256-R9vQiqez6Gm0ARJKgbsAeLyX493vwIaexOUAz0vDhak=",
        "owner": "rust-lang",
        "repo": "rust-analyzer",
        "rev": "9c3476d225ccc90c081280c2a20e9f7d8a200325",
        "type": "github"
      },
      "original": {
        "owner": "rust-lang",
        "ref": "nightly",
        "repo": "rust-analyzer",
        "type": "github"
      }
    },
    "spicetify": {
      "inputs": {
        "nixpkgs": [
          "nixpkgs"
        ],
        "systems": "systems_2"
      },
      "locked": {
        "lastModified": 1749357231,
        "narHash": "sha256-AbrPgGFVYR45TlYLHYTppayG0xzOG9XXhi+1j3Klbw8=",
        "owner": "Gerg-L",
        "repo": "spicetify-nix",
        "rev": "03783416f7416715c52166d4e8ba0492a7149397",
        "type": "github"
      },
      "original": {
        "owner": "Gerg-L",
        "repo": "spicetify-nix",
        "type": "github"
      }
    },
    "stylix": {
      "inputs": {
        "base16": "base16",
        "base16-fish": "base16-fish",
        "base16-helix": "base16-helix",
        "base16-vim": "base16-vim",
        "firefox-gnome-theme": "firefox-gnome-theme",
        "flake-compat": "flake-compat",
        "flake-parts": "flake-parts_3",
        "git-hooks": "git-hooks",
        "gnome-shell": "gnome-shell",
        "home-manager": "home-manager_4",
        "nixpkgs": [
          "nixpkgs"
        ],
        "nur": "nur_2",
        "systems": "systems_3",
        "tinted-foot": "tinted-foot",
        "tinted-kitty": "tinted-kitty",
        "tinted-schemes": "tinted-schemes",
        "tinted-tmux": "tinted-tmux",
        "tinted-zed": "tinted-zed"
      },
      "locked": {
        "lastModified": 1749767991,
        "narHash": "sha256-tgKABKKmQMEU6Mlsi5fJ37AgWCQVnf8bQUd2Pv9x/sk=",
        "owner": "nix-community",
        "repo": "stylix",
        "rev": "343938594e57483635d6fb34d90c227e8dd46072",
        "type": "github"
      },
      "original": {
        "owner": "nix-community",
        "repo": "stylix",
        "type": "github"
      }
    },
    "systems": {
      "locked": {
        "lastModified": 1681028828,
        "narHash": "sha256-Vy1rq5AaRuLzOxct8nz4T6wlgyUR7zLU309k9mBC768=",
        "owner": "nix-systems",
        "repo": "default",
        "rev": "da67096a3b9bf56a91d16901293e51ba5b49a27e",
        "type": "github"
      },
      "original": {
        "owner": "nix-systems",
        "repo": "default",
        "type": "github"
      }
    },
    "systems_2": {
      "locked": {
        "lastModified": 1681028828,
        "narHash": "sha256-Vy1rq5AaRuLzOxct8nz4T6wlgyUR7zLU309k9mBC768=",
        "owner": "nix-systems",
        "repo": "default",
        "rev": "da67096a3b9bf56a91d16901293e51ba5b49a27e",
        "type": "github"
      },
      "original": {
        "owner": "nix-systems",
        "repo": "default",
        "type": "github"
      }
    },
    "systems_3": {
      "locked": {
        "lastModified": 1681028828,
        "narHash": "sha256-Vy1rq5AaRuLzOxct8nz4T6wlgyUR7zLU309k9mBC768=",
        "owner": "nix-systems",
        "repo": "default",
        "rev": "da67096a3b9bf56a91d16901293e51ba5b49a27e",
        "type": "github"
      },
      "original": {
        "owner": "nix-systems",
        "repo": "default",
        "type": "github"
      }
    },
    "systems_4": {
      "flake": false,
      "locked": {
        "lastModified": 1,
        "narHash": "sha256-WaiGPxXXHCPNtbtxHPifGn0C/VRZKOgWkSYj15w485k=",
        "path": "./systems.nix",
        "type": "path"
      },
      "original": {
        "path": "./systems.nix",
        "type": "path"
      }
    },
    "tinted-foot": {
      "flake": false,
      "locked": {
        "lastModified": 1726913040,
        "narHash": "sha256-+eDZPkw7efMNUf3/Pv0EmsidqdwNJ1TaOum6k7lngDQ=",
        "owner": "tinted-theming",
        "repo": "tinted-foot",
        "rev": "fd1b924b6c45c3e4465e8a849e67ea82933fcbe4",
        "type": "github"
      },
      "original": {
        "owner": "tinted-theming",
        "repo": "tinted-foot",
        "rev": "fd1b924b6c45c3e4465e8a849e67ea82933fcbe4",
        "type": "github"
      }
    },
    "tinted-kitty": {
      "flake": false,
      "locked": {
        "lastModified": 1735730497,
        "narHash": "sha256-4KtB+FiUzIeK/4aHCKce3V9HwRvYaxX+F1edUrfgzb8=",
        "owner": "tinted-theming",
        "repo": "tinted-kitty",
        "rev": "de6f888497f2c6b2279361bfc790f164bfd0f3fa",
        "type": "github"
      },
      "original": {
        "owner": "tinted-theming",
        "repo": "tinted-kitty",
        "type": "github"
      }
    },
    "tinted-schemes": {
      "flake": false,
      "locked": {
        "lastModified": 1748180480,
        "narHash": "sha256-7n0XiZiEHl2zRhDwZd/g+p38xwEoWtT0/aESwTMXWG4=",
        "owner": "tinted-theming",
        "repo": "schemes",
        "rev": "87d652edd26f5c0c99deda5ae13dfb8ece2ffe31",
        "type": "github"
      },
      "original": {
        "owner": "tinted-theming",
        "repo": "schemes",
        "type": "github"
      }
    },
    "tinted-tmux": {
      "flake": false,
      "locked": {
        "lastModified": 1748740859,
        "narHash": "sha256-OEM12bg7F4N5WjZOcV7FHJbqRI6jtCqL6u8FtPrlZz4=",
        "owner": "tinted-theming",
        "repo": "tinted-tmux",
        "rev": "57d5f9683ff9a3b590643beeaf0364da819aedda",
        "type": "github"
      },
      "original": {
        "owner": "tinted-theming",
        "repo": "tinted-tmux",
        "type": "github"
      }
    },
    "tinted-zed": {
      "flake": false,
      "locked": {
        "lastModified": 1725758778,
        "narHash": "sha256-8P1b6mJWyYcu36WRlSVbuj575QWIFZALZMTg5ID/sM4=",
        "owner": "tinted-theming",
        "repo": "base16-zed",
        "rev": "122c9e5c0e6f27211361a04fae92df97940eccf9",
        "type": "github"
      },
      "original": {
        "owner": "tinted-theming",
        "repo": "base16-zed",
        "type": "github"
      }
    },
    "treefmt-nix": {
      "inputs": {
        "nixpkgs": [
          "nur",
          "nixpkgs"
        ]
      },
      "locked": {
        "lastModified": 1733222881,
        "narHash": "sha256-JIPcz1PrpXUCbaccEnrcUS8jjEb/1vJbZz5KkobyFdM=",
        "owner": "numtide",
        "repo": "treefmt-nix",
        "rev": "49717b5af6f80172275d47a418c9719a31a78b53",
        "type": "github"
      },
      "original": {
        "owner": "numtide",
        "repo": "treefmt-nix",
        "type": "github"
      }
    },
    "treefmt-nix_2": {
      "inputs": {
        "nixpkgs": [
          "stylix",
          "nur",
          "nixpkgs"
        ]
      },
      "locked": {
        "lastModified": 1733222881,
        "narHash": "sha256-JIPcz1PrpXUCbaccEnrcUS8jjEb/1vJbZz5KkobyFdM=",
        "owner": "numtide",
        "repo": "treefmt-nix",
        "rev": "49717b5af6f80172275d47a418c9719a31a78b53",
        "type": "github"
      },
      "original": {
        "owner": "numtide",
        "repo": "treefmt-nix",
        "type": "github"
      }
    },
    "treefmt-nix_3": {
      "inputs": {
        "nixpkgs": [
          "nixpkgs"
        ]
      },
      "locked": {
        "lastModified": 1749194973,
        "narHash": "sha256-eEy8cuS0mZ2j/r/FE0/LYBSBcIs/MKOIVakwHVuqTfk=",
        "owner": "numtide",
        "repo": "treefmt-nix",
        "rev": "a05be418a1af1198ca0f63facb13c985db4cb3c5",
        "type": "github"
      },
      "original": {
        "owner": "numtide",
        "repo": "treefmt-nix",
        "type": "github"
      }
    },
    "zen-browser": {
      "inputs": {
        "home-manager": "home-manager_5",
        "nixpkgs": [
          "nixpkgs"
        ]
      },
      "locked": {
        "lastModified": 1749791969,
        "narHash": "sha256-RQDWUlCbwxkvTdfMNX+KL0pi6U2s0wxD5gPD1lgD4UY=",
        "owner": "0xc000022070",
        "repo": "zen-browser-flake",
        "rev": "f04d95151a97f56e84cb7a8577e7148e5a34b2a1",
        "type": "github"
      },
      "original": {
        "owner": "0xc000022070",
        "repo": "zen-browser-flake",
        "type": "github"
      }
    }
  },
  "root": "root",
  "version": 7
}
